{
  "name": "@condenast/perf-kit",
  "version": "0.1.2",
  "lockfileVersion": 1,
  "requires": true,
  "dependencies": {
    "@types/minimist": {
      "version": "1.2.0",
      "resolved": "https://registry.npmjs.org/@types/minimist/-/minimist-1.2.0.tgz",
      "integrity": "sha1-aaI6OtKcrwCX8G7aWbNh7i8GOfY=",
      "dev": true
    },
    "@types/node": {
      "version": "13.13.17",
      "resolved": "https://registry.npmjs.org/@types/node/-/node-13.13.17.tgz",
      "integrity": "sha512-rGZftvdDpsYtG/rOlDOwny1f6Aq4FHJdGSVfPg5vC2DaR9Rt4W2OpsOF5GTU2bSqZmwTkfnsvJhhzpMWYxxlEA==",
      "dev": true
    },
    "cephes": {
      "version": "1.2.0",
      "resolved": "https://registry.npmjs.org/cephes/-/cephes-1.2.0.tgz",
      "integrity": "sha512-twuUuJRrIrsELHz6foJtZlqrz6FC36zoHZJvvThsrM1UWPKxyoilw1Rka6Hk0AmPFKHKUoGwGfAtvNZNtNZu0g=="
    },
    "distributions": {
      "version": "2.1.0",
      "resolved": "https://registry.npmjs.org/distributions/-/distributions-2.1.0.tgz",
      "integrity": "sha512-4eov7WXRip5Tu0K7Y51W1oVt+DcvkoE0EzsvbLzgedC/n4PUpYXHqk6vo/OH1HteBHp5Vm6cmfnInf9NAXM4qQ==",
      "requires": {
        "cephes": "^1.1.2"
      }
    },
    "minimist": {
      "version": "1.2.3",
      "resolved": "https://registry.npmjs.org/minimist/-/minimist-1.2.3.tgz",
      "integrity": "sha512-+bMdgqjMN/Z77a6NlY/I3U5LlRDbnmaAk6lDveAPKwSpcPM4tKAuYsvYF8xjhOPXhOYGe/73vVLVez5PW+jqhw=="
    },
    "simple-statistics": {
      "version": "7.3.0",
      "resolved": "https://registry.npmjs.org/simple-statistics/-/simple-statistics-7.3.0.tgz",
      "integrity": "sha512-eGZFLeolvspUYdGeDX7xN8eZONps4Os2W/l+7t7usgHTqc4M2sWIBx95hr4ZNlK6rQATypo8MfsORc/o56roQg=="
    },
    "summary": {
      "version": "2.0.0",
      "resolved": "https://registry.npmjs.org/summary/-/summary-2.0.0.tgz",
      "integrity": "sha512-rUdoOxag922clGF6CSWtP4U0bV26hW/81paKDGU8X4haG7kV5ZkCU//UsvsqiKvEz0fPQMI8XfTj4ljgIDog1w=="
    },
    "ttest": {
      "version": "3.0.0",
      "resolved": "https://registry.npmjs.org/ttest/-/ttest-3.0.0.tgz",
      "integrity": "sha512-bLo+LdYokiDZHVFIWJmC5afoh7wZ+o1h++0XXKh01+yprzz8CnaiGNcbcbqP0e3+iyDqclLI+rM0j/9AwmRljw==",
      "requires": {
        "distributions": "^2.1.0",
        "summary": "^2.0.0"
      }
    },
    "typescript": {
      "version": "4.0.2",
      "resolved": "https://registry.npmjs.org/typescript/-/typescript-4.0.2.tgz",
      "integrity": "sha512-e4ERvRV2wb+rRZ/IQeb3jm2VxBsirQLpQhdxplZ2MEzGvDkkMmPglecnNDfSUBivMjP93vRbngYYDQqQ/78bcQ==",
      "dev": true
    }
  }
}
